// !$*UTF8*$!
{
	archiveVersion = 1;
	classes = {
	};
	objectVersion = 48;
	objects = {

/* Begin PBXBuildFile section */
		F9167C75203F1BF900F4351E /* oth.swift in Sources */ = {isa = PBXBuildFile; fileRef = F9167C74203F1BF900F4351E /* oth.swift */; };
		F9BA3D2B20343B2500216595 /* AppDelegate.swift in Sources */ = {isa = PBXBuildFile; fileRef = F9BA3D2A20343B2500216595 /* AppDelegate.swift */; };
		F9BA3D3020343B2500216595 /* Main.storyboard in Resources */ = {isa = PBXBuildFile; fileRef = F9BA3D2E20343B2500216595 /* Main.storyboard */; };
		F9BA3D3220343B2500216595 /* Assets.xcassets in Resources */ = {isa = PBXBuildFile; fileRef = F9BA3D3120343B2500216595 /* Assets.xcassets */; };
		F9BA3D3520343B2500216595 /* LaunchScreen.storyboard in Resources */ = {isa = PBXBuildFile; fileRef = F9BA3D3320343B2500216595 /* LaunchScreen.storyboard */; };
		F9BA3D3D20343B7C00216595 /* StateTableViewController.swift in Sources */ = {isa = PBXBuildFile; fileRef = F9BA3D3C20343B7C00216595 /* StateTableViewController.swift */; };
		F9BA3D3F20343FC000216595 /* StateTableViewCell.swift in Sources */ = {isa = PBXBuildFile; fileRef = F9BA3D3E20343FC000216595 /* StateTableViewCell.swift */; };
		F9BA3D4920344ADA00216595 /* StatesDetailViewController.swift in Sources */ = {isa = PBXBuildFile; fileRef = F9BA3D4820344ADA00216595 /* StatesDetailViewController.swift */; };
		F9BA3D75203575F600216595 /* StatesDetailTableViewCell.swift in Sources */ = {isa = PBXBuildFile; fileRef = F9BA3D74203575F600216595 /* StatesDetailTableViewCell.swift */; };
/* End PBXBuildFile section */

/* Begin PBXFileReference section */
		F9167C74203F1BF900F4351E /* oth.swift */ = {isa = PBXFileReference; lastKnownFileType = sourcecode.swift; path = oth.swift; sourceTree = "<group>"; };
		F9BA3D2720343B2500216595 /* State.app */ = {isa = PBXFileReference; explicitFileType = wrapper.application; includeInIndex = 0; path = State.app; sourceTree = BUILT_PRODUCTS_DIR; };
		F9BA3D2A20343B2500216595 /* AppDelegate.swift */ = {isa = PBXFileReference; lastKnownFileType = sourcecode.swift; path = AppDelegate.swift; sourceTree = "<group>"; };
		F9BA3D2F20343B2500216595 /* Base */ = {isa = PBXFileReference; lastKnownFileType = file.storyboard; name = Base; path = Base.lproj/Main.storyboard; sourceTree = "<group>"; };
		F9BA3D3120343B2500216595 /* Assets.xcassets */ = {isa = PBXFileReference; lastKnownFileType = folder.assetcatalog; path = Assets.xcassets; sourceTree = "<group>"; };
		F9BA3D3420343B2500216595 /* Base */ = {isa = PBXFileReference; lastKnownFileType = file.storyboard; name = Base; path = Base.lproj/LaunchScreen.storyboard; sourceTree = "<group>"; };
		F9BA3D3620343B2500216595 /* Info.plist */ = {isa = PBXFileReference; lastKnownFileType = text.plist.xml; path = Info.plist; sourceTree = "<group>"; };
		F9BA3D3C20343B7C00216595 /* StateTableViewController.swift */ = {isa = PBXFileReference; lastKnownFileType = sourcecode.swift; path = StateTableViewController.swift; sourceTree = "<group>"; };
		F9BA3D3E20343FC000216595 /* StateTableViewCell.swift */ = {isa = PBXFileReference; lastKnownFileType = sourcecode.swift; path = StateTableViewCell.swift; sourceTree = "<group>"; };
		F9BA3D4820344ADA00216595 /* StatesDetailViewController.swift */ = {isa = PBXFileReference; lastKnownFileType = sourcecode.swift; path = StatesDetailViewController.swift; sourceTree = "<group>"; };
		F9BA3D74203575F600216595 /* StatesDetailTableViewCell.swift */ = {isa = PBXFileReference; lastKnownFileType = sourcecode.swift; path = StatesDetailTableViewCell.swift; sourceTree = "<group>"; };
/* End PBXFileReference section */

/* Begin PBXFrameworksBuildPhase section */
		F9BA3D2420343B2500216595 /* Frameworks */ = {
			isa = PBXFrameworksBuildPhase;
			buildActionMask = 2147483647;
			files = (
			);
			runOnlyForDeploymentPostprocessing = 0;
		};
/* End PBXFrameworksBuildPhase section */

/* Begin PBXGroup section */
		F9BA3D1E20343B2500216595 = {
			isa = PBXGroup;
			children = (
				F9BA3D2920343B2500216595 /* State */,
				F9BA3D2820343B2500216595 /* Products */,
			);
			sourceTree = "<group>";
		};
		F9BA3D2820343B2500216595 /* Products */ = {
			isa = PBXGroup;
			children = (
				F9BA3D2720343B2500216595 /* State.app */,
			);
			name = Products;
			sourceTree = "<group>";
		};
		F9BA3D2920343B2500216595 /* State */ = {
			isa = PBXGroup;
			children = (
				F9167C74203F1BF900F4351E /* oth.swift */,
				F9BA3D2A20343B2500216595 /* AppDelegate.swift */,
				F9BA3D2E20343B2500216595 /* Main.storyboard */,
				F9BA3D3C20343B7C00216595 /* StateTableViewController.swift */,
				F9BA3D73203575B300216595 /* Detail */,
				F9BA3D3E20343FC000216595 /* StateTableViewCell.swift */,
				F9BA3D3120343B2500216595 /* Assets.xcassets */,
				F9BA3D3320343B2500216595 /* LaunchScreen.storyboard */,
				F9BA3D3620343B2500216595 /* Info.plist */,
			);
			path = State;
			sourceTree = "<group>";
		};
		F9BA3D73203575B300216595 /* Detail */ = {
			isa = PBXGroup;
			children = (
				F9BA3D4820344ADA00216595 /* StatesDetailViewController.swift */,
				F9BA3D74203575F600216595 /* StatesDetailTableViewCell.swift */,
			);
			path = Detail;
			sourceTree = "<group>";
		};
/* End PBXGroup section */

/* Begin PBXNativeTarget section */
		F9BA3D2620343B2500216595 /* State */ = {
			isa = PBXNativeTarget;
			buildConfigurationList = F9BA3D3920343B2500216595 /* Build configuration list for PBXNativeTarget "State" */;
			buildPhases = (
				F9BA3D2320343B2500216595 /* Sources */,
				F9BA3D2420343B2500216595 /* Frameworks */,
				F9BA3D2520343B2500216595 /* Resources */,
			);
			buildRules = (
			);
			dependencies = (
			);
			name = State;
			productName = State;
			productReference = F9BA3D2720343B2500216595 /* State.app */;
			productType = "com.apple.product-type.application";
		};
/* End PBXNativeTarget section */

/* Begin PBXProject section */
		F9BA3D1F20343B2500216595 /* Project object */ = {
			isa = PBXProject;
			attributes = {
				LastSwiftUpdateCheck = 0920;
				LastUpgradeCheck = 0920;
				ORGANIZATIONNAME = DroBlack;
				TargetAttributes = {
					F9BA3D2620343B2500216595 = {
						CreatedOnToolsVersion = 9.2;
						ProvisioningStyle = Automatic;
					};
				};
			};
			buildConfigurationList = F9BA3D2220343B2500216595 /* Build configuration list for PBXProject "State" */;
			compatibilityVersion = "Xcode 8.0";
			developmentRegion = en;
			hasScannedForEncodings = 0;
			knownRegions = (
				en,
				Base,
			);
			mainGroup = F9BA3D1E20343B2500216595;
			productRefGroup = F9BA3D2820343B2500216595 /* Products */;
			projectDirPath = "";
			projectRoot = "";
			targets = (
				F9BA3D2620343B2500216595 /* State */,
			);
		};
/* End PBXProject section */

/* Begin PBXResourcesBuildPhase section */
		F9BA3D2520343B2500216595 /* Resources */ = {
			isa = PBXResourcesBuildPhase;
			buildActionMask = 2147483647;
			files = (
				F9BA3D3520343B2500216595 /* LaunchScreen.storyboard in Resources */,
				F9BA3D3220343B2500216595 /* Assets.xcassets in Resources */,
				F9BA3D3020343B2500216595 /* Main.storyboard in Resources */,
			);
			runOnlyForDeploymentPostprocessing = 0;
		};
/* End PBXResourcesBuildPhase section */

/* Begin PBXSourcesBuildPhase section */
		F9BA3D2320343B2500216595 /* Sources */ = {
			isa = PBXSourcesBuildPhase;
			buildActionMask = 2147483647;
			files = (
				F9BA3D2B20343B2500216595 /* AppDelegate.swift in Sources */,
				F9167C75203F1BF900F4351E /* oth.swift in Sources */,
				F9BA3D3F20343FC000216595 /* StateTableViewCell.swift in Sources */,
				F9BA3D4920344ADA00216595 /* StatesDetailViewController.swift in Sources */,
				F9BA3D75203575F600216595 /* StatesDetailTableViewCell.swift in Sources */,
				F9BA3D3D20343B7C00216595 /* StateTableViewController.swift in Sources */,
			);
			runOnlyForDeploymentPostprocessing = 0;
		};
/* End PBXSourcesBuildPhase section */

/* Begin PBXVariantGroup section */
		F9BA3D2E20343B2500216595 /* Main.storyboard */ = {
			isa = PBXVariantGroup;
			children = (
				F9BA3D2F20343B2500216595 /* Base */,
			);
			name = Main.storyboard;
			sourceTree = "<group>";
		};
		F9BA3D3320343B2500216595 /* LaunchScreen.storyboard */ = {
			isa = PBXVariantGroup;
			children = (
				F9BA3D3420343B2500216595 /* Base */,
			);
			name = LaunchScreen.storyboard;
			sourceTree = "<group>";
		};
/* End PBXVariantGroup section */

/* Begin XCBuildConfiguration section */
		F9BA3D3720343B2500216595 /* Debug */ = {
			isa = XCBuildConfiguration;
			buildSettings = {
				ALWAYS_SEARCH_USER_PATHS = NO;
				CLANG_ANALYZER_NONNULL = YES;
				CLANG_ANALYZER_NUMBER_OBJECT_CONVERSION = YES_AGGRESSIVE;
				CLANG_CXX_LANGUAGE_STANDARD = "gnu++14";
				CLANG_CXX_LIBRARY = "libc++";
				CLANG_ENABLE_MODULES = YES;
				CLANG_ENABLE_OBJC_ARC = YES;
				CLANG_WARN_BLOCK_CAPTURE_AUTORELEASING = YES;
				CLANG_WARN_BOOL_CONVERSION = YES;
				CLANG_WARN_COMMA = YES;
				CLANG_WARN_CONSTANT_CONVERSION = YES;
				CLANG_WARN_DIRECT_OBJC_ISA_USAGE = YES_ERROR;
				CLANG_WARN_DOCUMENTATION_COMMENTS = YES;
				CLANG_WARN_EMPTY_BODY = YES;
				CLANG_WARN_ENUM_CONVERSION = YES;
				CLANG_WARN_INFINITE_RECURSION = YES;
				CLANG_WARN_INT_CONVERSION = YES;
				CLANG_WARN_NON_LITERAL_NULL_CONVERSION = YES;
				CLANG_WARN_OBJC_LITERAL_CONVERSION = YES;
				CLANG_WARN_OBJC_ROOT_CLASS = YES_ERROR;
				CLANG_WARN_RANGE_LOOP_ANALYSIS = YES;
				CLANG_WARN_STRICT_PROTOTYPES = YES;
				CLANG_WARN_SUSPICIOUS_MOVE = YES;
				CLANG_WARN_UNGUARDED_AVAILABILITY = YES_AGGRESSIVE;
				CLANG_WARN_UNREACHABLE_CODE = YES;
				CLANG_WARN__DUPLICATE_METHOD_MATCH = YES;
				CODE_SIGN_IDENTITY = "iPhone Developer";
				COPY_PHASE_STRIP = NO;
				DEBUG_INFORMATION_FORMAT = dwarf;
				ENABLE_STRICT_OBJC_MSGSEND = YES;
				ENABLE_TESTABILITY = YES;
				GCC_C_LANGUAGE_STANDARD = gnu11;
				GCC_DYNAMIC_NO_PIC = NO;
				GCC_NO_COMMON_BLOCKS = YES;
				GCC_OPTIMIZATION_LEVEL = 0;
				GCC_PREPROCESSOR_DEFINITIONS = (
					"DEBUG=1",
					"$(inherited)",
				);
				GCC_WARN_64_TO_32_BIT_CONVERSION = YES;
				GCC_WARN_ABOUT_RETURN_TYPE = YES_ERROR;
				GCC_WARN_UNDECLARED_SELECTOR = YES;
				GCC_WARN_UNINITIALIZED_AUTOS = YES_AGGRESSIVE;
				GCC_WARN_UNUSED_FUNCTION = YES;
				GCC_WARN_UNUSED_VARIABLE = YES;
				IPHONEOS_DEPLOYMENT_TARGET = 11.2;
				MTL_ENABLE_DEBUG_INFO = YES;
				ONLY_ACTIVE_ARCH = YES;
				SDKROOT = iphoneos;
				SWIFT_ACTIVE_COMPILATION_CONDITIONS = DEBUG;
				SWIFT_OPTIMIZATION_LEVEL = "-Onone";
			};
			name = Debug;
		};
		F9BA3D3820343B2500216595 /* Release */ = {
			isa = XCBuildConfiguration;
			buildSettings = {
				ALWAYS_SEARCH_USER_PATHS = NO;
				CLANG_ANALYZER_NONNULL = YES;
				CLANG_ANALYZER_NUMBER_OBJECT_CONVERSION = YES_AGGRESSIVE;
				CLANG_CXX_LANGUAGE_STANDARD = "gnu++14";
				CLANG_CXX_LIBRARY = "libc++";
				CLANG_ENABLE_MODULES = YES;
				CLANG_ENABLE_OBJC_ARC = YES;
				CLANG_WARN_BLOCK_CAPTURE_AUTORELEASING = YES;
				CLANG_WARN_BOOL_CONVERSION = YES;
				CLANG_WARN_COMMA = YES;
				CLANG_WARN_CONSTANT_CONVERSION = YES;
				CLANG_WARN_DIRECT_OBJC_ISA_USAGE = YES_ERROR;
				CLANG_WARN_DOCUMENTATION_COMMENTS = YES;
				CLANG_WARN_EMPTY_BODY = YES;
				CLANG_WARN_ENUM_CONVERSION = YES;
				CLANG_WARN_INFINITE_RECURSION = YES;
				CLANG_WARN_INT_CONVERSION = YES;
				CLANG_WARN_NON_LITERAL_NULL_CONVERSION = YES;
				CLANG_WARN_OBJC_LITERAL_CONVERSION = YES;
				CLANG_WARN_OBJC_ROOT_CLASS = YES_ERROR;
				CLANG_WARN_RANGE_LOOP_ANALYSIS = YES;
				CLANG_WARN_STRICT_PROTOTYPES = YES;
				CLANG_WARN_SUSPICIOUS_MOVE = YES;
				CLANG_WARN_UNGUARDED_AVAILABILITY = YES_AGGRESSIVE;
				CLANG_WARN_UNREACHABLE_CODE = YES;
				CLANG_WARN__DUPLICATE_METHOD_MATCH = YES;
				CODE_SIGN_IDENTITY = "iPhone Developer";
				COPY_PHASE_STRIP = NO;
				DEBUG_INFORMATION_FORMAT = "dwarf-with-dsym";
				ENABLE_NS_ASSERTIONS = NO;
				ENABLE_STRICT_OBJC_MSGSEND = YES;
				GCC_C_LANGUAGE_STANDARD = gnu11;
				GCC_NO_COMMON_BLOCKS = YES;
				GCC_WARN_64_TO_32_BIT_CONVERSION = YES;
				GCC_WARN_ABOUT_RETURN_TYPE = YES_ERROR;
				GCC_WARN_UNDECLARED_SELECTOR = YES;
				GCC_WARN_UNINITIALIZED_AUTOS = YES_AGGRESSIVE;
				GCC_WARN_UNUSED_FUNCTION = YES;
				GCC_WARN_UNUSED_VARIABLE = YES;
				IPHONEOS_DEPLOYMENT_TARGET = 11.2;
				MTL_ENABLE_DEBUG_INFO = NO;
				SDKROOT = iphoneos;
				SWIFT_OPTIMIZATION_LEVEL = "-Owholemodule";
				VALIDATE_PRODUCT = YES;
			};
			name = Release;
		};
		F9BA3D3A20343B2500216595 /* Debug */ = {
			isa = XCBuildConfiguration;
			buildSettings = {
				ASSETCATALOG_COMPILER_APPICON_NAME = AppIcon;
				CODE_SIGN_STYLE = Automatic;
				DEVELOPMENT_TEAM = NMC2BDQ2EE;
				INFOPLIST_FILE = State/Info.plist;
				IPHONEOS_DEPLOYMENT_TARGET = 10.3;
				LD_RUNPATH_SEARCH_PATHS = "$(inherited) @executable_path/Frameworks";
				PRODUCT_BUNDLE_IDENTIFIER = itis.com.State;
				PRODUCT_NAME = "$(TARGET_NAME)";
				SWIFT_VERSION = 4.0;
				TARGETED_DEVICE_FAMILY = "1,2";
			};
			name = Debug;
		};
		F9BA3D3B20343B2500216595 /* Release */ = {
			isa = XCBuildConfiguration;
			buildSettings = {
				ASSETCATALOG_COMPILER_APPICON_NAME = AppIcon;
				CODE_SIGN_STYLE = Automatic;
				DEVELOPMENT_TEAM = NMC2BDQ2EE;
				INFOPLIST_FILE = State/Info.plist;
				IPHONEOS_DEPLOYMENT_TARGET = 10.3;
				LD_RUNPATH_SEARCH_PATHS = "$(inherited) @executable_path/Frameworks";
				PRODUCT_BUNDLE_IDENTIFIER = itis.com.State;
				PRODUCT_NAME = "$(TARGET_NAME)";
				SWIFT_VERSION = 4.0;
				TARGETED_DEVICE_FAMILY = "1,2";
			};
			name = Release;
		};
/* End XCBuildConfiguration section */

/* Begin XCConfigurationList section */
		F9BA3D2220343B2500216595 /* Build configuration list for PBXProject "State" */ = {
			isa = XCConfigurationList;
			buildConfigurations = (
				F9BA3D3720343B2500216595 /* Debug */,
				F9BA3D3820343B2500216595 /* Release */,
			);
			defaultConfigurationIsVisible = 0;
			defaultConfigurationName = Release;
		};
		F9BA3D3920343B2500216595 /* Build configuration list for PBXNativeTarget "State" */ = {
			isa = XCConfigurationList;
			buildConfigurations = (
				F9BA3D3A20343B2500216595 /* Debug */,
				F9BA3D3B20343B2500216595 /* Release */,
			);
			defaultConfigurationIsVisible = 0;
			defaultConfigurationName = Release;
		};
/* End XCConfigurationList section */
	};
	rootObject = F9BA3D1F20343B2500216595 /* Project object */;
}
